// !$*UTF8*$!
{
	archiveVersion = 1;
	classes = {
	};
	objectVersion = 56;
	objects = {

/* Begin PBXBuildFile section */
		A20CEB002B44783A00243F3D /* TBSettingsView.swift in Sources */ = {isa = PBXBuildFile; fileRef = A20CEAFF2B44783A00243F3D /* TBSettingsView.swift */; };
		A20CEB032B44789800243F3D /* TBSettingsCellViewModel.swift in Sources */ = {isa = PBXBuildFile; fileRef = A20CEB022B44789800243F3D /* TBSettingsCellViewModel.swift */; };
		A20CEB052B4478BB00243F3D /* TBSettingsOption.swift in Sources */ = {isa = PBXBuildFile; fileRef = A20CEB042B4478BB00243F3D /* TBSettingsOption.swift */; };
		A20CEB072B4478DE00243F3D /* TBSettingsViewModel.swift in Sources */ = {isa = PBXBuildFile; fileRef = A20CEB062B4478DE00243F3D /* TBSettingsViewModel.swift */; };
		A21E525F2B44073800B52CBA /* Double+Extension.swift in Sources */ = {isa = PBXBuildFile; fileRef = A21E525E2B44073800B52CBA /* Double+Extension.swift */; };
		A228196C2B398AE10046CF1C /* AppDelegate.swift in Sources */ = {isa = PBXBuildFile; fileRef = A228196B2B398AE10046CF1C /* AppDelegate.swift */; };
		A228196E2B398AE10046CF1C /* SceneDelegate.swift in Sources */ = {isa = PBXBuildFile; fileRef = A228196D2B398AE10046CF1C /* SceneDelegate.swift */; };
		A22819702B398AE10046CF1C /* TBCalculatorViewController.swift in Sources */ = {isa = PBXBuildFile; fileRef = A228196F2B398AE10046CF1C /* TBCalculatorViewController.swift */; };
		A22819752B398AE20046CF1C /* Assets.xcassets in Resources */ = {isa = PBXBuildFile; fileRef = A22819742B398AE20046CF1C /* Assets.xcassets */; };
		A22819782B398AE20046CF1C /* LaunchScreen.storyboard in Resources */ = {isa = PBXBuildFile; fileRef = A22819762B398AE20046CF1C /* LaunchScreen.storyboard */; };
		A23A5E752B4023AD0004B5A8 /* TBCalculatorViewModel.swift in Sources */ = {isa = PBXBuildFile; fileRef = A23A5E742B4023AD0004B5A8 /* TBCalculatorViewModel.swift */; };
		A23A5E772B4034CF0004B5A8 /* Result.swift in Sources */ = {isa = PBXBuildFile; fileRef = A23A5E762B4034CF0004B5A8 /* Result.swift */; };
		A23A5E792B4046590004B5A8 /* String+Extension.swift in Sources */ = {isa = PBXBuildFile; fileRef = A23A5E782B4046590004B5A8 /* String+Extension.swift */; };
		A23C86482B3B38810029C456 /* CombineCocoa in Frameworks */ = {isa = PBXBuildFile; productRef = A23C86472B3B38810029C456 /* CombineCocoa */; };
		A25EB4852B3C167400359A91 /* TBLogoView.swift in Sources */ = {isa = PBXBuildFile; fileRef = A25EB4842B3C167400359A91 /* TBLogoView.swift */; };
		A25EB4872B3C167F00359A91 /* TBResultView.swift in Sources */ = {isa = PBXBuildFile; fileRef = A25EB4862B3C167F00359A91 /* TBResultView.swift */; };
		A25EB4892B3C168E00359A91 /* TBBillInputView.swift in Sources */ = {isa = PBXBuildFile; fileRef = A25EB4882B3C168E00359A91 /* TBBillInputView.swift */; };
		A25EB48B2B3C16A000359A91 /* TBTipInputView.swift in Sources */ = {isa = PBXBuildFile; fileRef = A25EB48A2B3C16A000359A91 /* TBTipInputView.swift */; };
		A25EB48D2B3C16AF00359A91 /* TBSplitInputView.swift in Sources */ = {isa = PBXBuildFile; fileRef = A25EB48C2B3C16AF00359A91 /* TBSplitInputView.swift */; };
		A25EB4902B3C27D100359A91 /* UIColor+Extension.swift in Sources */ = {isa = PBXBuildFile; fileRef = A25EB48F2B3C27D100359A91 /* UIColor+Extension.swift */; };
		A25EB4932B3C286600359A91 /* ThemeColor.swift in Sources */ = {isa = PBXBuildFile; fileRef = A25EB4922B3C286600359A91 /* ThemeColor.swift */; };
		A25EB4952B3C28A400359A91 /* ThemeFont.swift in Sources */ = {isa = PBXBuildFile; fileRef = A25EB4942B3C28A400359A91 /* ThemeFont.swift */; };
		A25EB4982B3C365A00359A91 /* TBLabel.swift in Sources */ = {isa = PBXBuildFile; fileRef = A25EB4972B3C365A00359A91 /* TBLabel.swift */; };
		A265E6A82B4310DC00D0D49F /* UIResponder+Extension.swift in Sources */ = {isa = PBXBuildFile; fileRef = A265E6A72B4310DC00D0D49F /* UIResponder+Extension.swift */; };
		A27542102B3EAF2B00719E63 /* TBPercentButton.swift in Sources */ = {isa = PBXBuildFile; fileRef = A275420F2B3EAF2B00719E63 /* TBPercentButton.swift */; };
		A27542142B3EB10100719E63 /* Tip.swift in Sources */ = {isa = PBXBuildFile; fileRef = A27542132B3EB10100719E63 /* Tip.swift */; };
		A27542172B3EBB8900719E63 /* TBOperatorButton.swift in Sources */ = {isa = PBXBuildFile; fileRef = A27542162B3EBB8900719E63 /* TBOperatorButton.swift */; };
		A28694222B3DBDD0006B011B /* SnapKit in Frameworks */ = {isa = PBXBuildFile; productRef = A28694212B3DBDD0006B011B /* SnapKit */; };
		A2C970D92B442E510027B6AF /* TBSettingsViewController.swift in Sources */ = {isa = PBXBuildFile; fileRef = A2C970D82B442E510027B6AF /* TBSettingsViewController.swift */; };
		A2DA0EA22B3D7E4A00B2861F /* TBAmountView.swift in Sources */ = {isa = PBXBuildFile; fileRef = A2DA0EA12B3D7E4900B2861F /* TBAmountView.swift */; };
		A2DA0EA42B3D7EC700B2861F /* UIView+Extension.swift in Sources */ = {isa = PBXBuildFile; fileRef = A2DA0EA32B3D7EC700B2861F /* UIView+Extension.swift */; };
		A2DA0EA82B3D8B1500B2861F /* TBHeaderView.swift in Sources */ = {isa = PBXBuildFile; fileRef = A2DA0EA72B3D8B1500B2861F /* TBHeaderView.swift */; };
		A2DA0EAB2B3D9E2500B2861F /* TBTextField.swift in Sources */ = {isa = PBXBuildFile; fileRef = A2DA0EAA2B3D9E2500B2861F /* TBTextField.swift */; };
		A2DA0EAD2B3DA00600B2861F /* TBTextFieldContainerView.swift in Sources */ = {isa = PBXBuildFile; fileRef = A2DA0EAC2B3DA00600B2861F /* TBTextFieldContainerView.swift */; };
		A2E6E6182B4327B7009F4468 /* Int+Extension.swift in Sources */ = {isa = PBXBuildFile; fileRef = A2E6E6172B4327B7009F4468 /* Int+Extension.swift */; };
/* End PBXBuildFile section */

/* Begin PBXFileReference section */
		A20CEAFF2B44783A00243F3D /* TBSettingsView.swift */ = {isa = PBXFileReference; lastKnownFileType = sourcecode.swift; path = TBSettingsView.swift; sourceTree = "<group>"; };
		A20CEB022B44789800243F3D /* TBSettingsCellViewModel.swift */ = {isa = PBXFileReference; lastKnownFileType = sourcecode.swift; path = TBSettingsCellViewModel.swift; sourceTree = "<group>"; };
		A20CEB042B4478BB00243F3D /* TBSettingsOption.swift */ = {isa = PBXFileReference; lastKnownFileType = sourcecode.swift; path = TBSettingsOption.swift; sourceTree = "<group>"; };
		A20CEB062B4478DE00243F3D /* TBSettingsViewModel.swift */ = {isa = PBXFileReference; lastKnownFileType = sourcecode.swift; path = TBSettingsViewModel.swift; sourceTree = "<group>"; };
		A21E525E2B44073800B52CBA /* Double+Extension.swift */ = {isa = PBXFileReference; lastKnownFileType = sourcecode.swift; path = "Double+Extension.swift"; sourceTree = "<group>"; };
		A22819682B398AE10046CF1C /* TipBuddy.app */ = {isa = PBXFileReference; explicitFileType = wrapper.application; includeInIndex = 0; path = TipBuddy.app; sourceTree = BUILT_PRODUCTS_DIR; };
		A228196B2B398AE10046CF1C /* AppDelegate.swift */ = {isa = PBXFileReference; lastKnownFileType = sourcecode.swift; path = AppDelegate.swift; sourceTree = "<group>"; };
		A228196D2B398AE10046CF1C /* SceneDelegate.swift */ = {isa = PBXFileReference; lastKnownFileType = sourcecode.swift; path = SceneDelegate.swift; sourceTree = "<group>"; };
		A228196F2B398AE10046CF1C /* TBCalculatorViewController.swift */ = {isa = PBXFileReference; lastKnownFileType = sourcecode.swift; path = TBCalculatorViewController.swift; sourceTree = "<group>"; };
		A22819742B398AE20046CF1C /* Assets.xcassets */ = {isa = PBXFileReference; lastKnownFileType = folder.assetcatalog; path = Assets.xcassets; sourceTree = "<group>"; };
		A22819772B398AE20046CF1C /* Base */ = {isa = PBXFileReference; lastKnownFileType = file.storyboard; name = Base; path = Base.lproj/LaunchScreen.storyboard; sourceTree = "<group>"; };
		A22819792B398AE20046CF1C /* Info.plist */ = {isa = PBXFileReference; lastKnownFileType = text.plist.xml; path = Info.plist; sourceTree = "<group>"; };
		A23A5E742B4023AD0004B5A8 /* TBCalculatorViewModel.swift */ = {isa = PBXFileReference; lastKnownFileType = sourcecode.swift; path = TBCalculatorViewModel.swift; sourceTree = "<group>"; };
		A23A5E762B4034CF0004B5A8 /* Result.swift */ = {isa = PBXFileReference; lastKnownFileType = sourcecode.swift; path = Result.swift; sourceTree = "<group>"; };
		A23A5E782B4046590004B5A8 /* String+Extension.swift */ = {isa = PBXFileReference; lastKnownFileType = sourcecode.swift; path = "String+Extension.swift"; sourceTree = "<group>"; };
		A25EB4842B3C167400359A91 /* TBLogoView.swift */ = {isa = PBXFileReference; lastKnownFileType = sourcecode.swift; path = TBLogoView.swift; sourceTree = "<group>"; };
		A25EB4862B3C167F00359A91 /* TBResultView.swift */ = {isa = PBXFileReference; lastKnownFileType = sourcecode.swift; path = TBResultView.swift; sourceTree = "<group>"; };
		A25EB4882B3C168E00359A91 /* TBBillInputView.swift */ = {isa = PBXFileReference; lastKnownFileType = sourcecode.swift; path = TBBillInputView.swift; sourceTree = "<group>"; };
		A25EB48A2B3C16A000359A91 /* TBTipInputView.swift */ = {isa = PBXFileReference; lastKnownFileType = sourcecode.swift; path = TBTipInputView.swift; sourceTree = "<group>"; };
		A25EB48C2B3C16AF00359A91 /* TBSplitInputView.swift */ = {isa = PBXFileReference; lastKnownFileType = sourcecode.swift; path = TBSplitInputView.swift; sourceTree = "<group>"; };
		A25EB48F2B3C27D100359A91 /* UIColor+Extension.swift */ = {isa = PBXFileReference; lastKnownFileType = sourcecode.swift; path = "UIColor+Extension.swift"; sourceTree = "<group>"; };
		A25EB4922B3C286600359A91 /* ThemeColor.swift */ = {isa = PBXFileReference; lastKnownFileType = sourcecode.swift; path = ThemeColor.swift; sourceTree = "<group>"; };
		A25EB4942B3C28A400359A91 /* ThemeFont.swift */ = {isa = PBXFileReference; lastKnownFileType = sourcecode.swift; path = ThemeFont.swift; sourceTree = "<group>"; };
		A25EB4972B3C365A00359A91 /* TBLabel.swift */ = {isa = PBXFileReference; lastKnownFileType = sourcecode.swift; path = TBLabel.swift; sourceTree = "<group>"; };
		A265E6A72B4310DC00D0D49F /* UIResponder+Extension.swift */ = {isa = PBXFileReference; lastKnownFileType = sourcecode.swift; path = "UIResponder+Extension.swift"; sourceTree = "<group>"; };
		A275420F2B3EAF2B00719E63 /* TBPercentButton.swift */ = {isa = PBXFileReference; lastKnownFileType = sourcecode.swift; path = TBPercentButton.swift; sourceTree = "<group>"; };
		A27542132B3EB10100719E63 /* Tip.swift */ = {isa = PBXFileReference; lastKnownFileType = sourcecode.swift; path = Tip.swift; sourceTree = "<group>"; };
		A27542162B3EBB8900719E63 /* TBOperatorButton.swift */ = {isa = PBXFileReference; lastKnownFileType = sourcecode.swift; path = TBOperatorButton.swift; sourceTree = "<group>"; };
		A2C970D82B442E510027B6AF /* TBSettingsViewController.swift */ = {isa = PBXFileReference; lastKnownFileType = sourcecode.swift; path = TBSettingsViewController.swift; sourceTree = "<group>"; };
		A2DA0EA12B3D7E4900B2861F /* TBAmountView.swift */ = {isa = PBXFileReference; lastKnownFileType = sourcecode.swift; path = TBAmountView.swift; sourceTree = "<group>"; };
		A2DA0EA32B3D7EC700B2861F /* UIView+Extension.swift */ = {isa = PBXFileReference; lastKnownFileType = sourcecode.swift; path = "UIView+Extension.swift"; sourceTree = "<group>"; };
		A2DA0EA72B3D8B1500B2861F /* TBHeaderView.swift */ = {isa = PBXFileReference; lastKnownFileType = sourcecode.swift; path = TBHeaderView.swift; sourceTree = "<group>"; };
		A2DA0EAA2B3D9E2500B2861F /* TBTextField.swift */ = {isa = PBXFileReference; lastKnownFileType = sourcecode.swift; path = TBTextField.swift; sourceTree = "<group>"; };
		A2DA0EAC2B3DA00600B2861F /* TBTextFieldContainerView.swift */ = {isa = PBXFileReference; lastKnownFileType = sourcecode.swift; path = TBTextFieldContainerView.swift; sourceTree = "<group>"; };
		A2E6E6172B4327B7009F4468 /* Int+Extension.swift */ = {isa = PBXFileReference; lastKnownFileType = sourcecode.swift; path = "Int+Extension.swift"; sourceTree = "<group>"; };
/* End PBXFileReference section */

/* Begin PBXFrameworksBuildPhase section */
		A22819652B398AE10046CF1C /* Frameworks */ = {
			isa = PBXFrameworksBuildPhase;
			buildActionMask = 2147483647;
			files = (
				A23C86482B3B38810029C456 /* CombineCocoa in Frameworks */,
				A28694222B3DBDD0006B011B /* SnapKit in Frameworks */,
			);
			runOnlyForDeploymentPostprocessing = 0;
		};
/* End PBXFrameworksBuildPhase section */

/* Begin PBXGroup section */
		A20CEB012B44788000243F3D /* Settings */ = {
			isa = PBXGroup;
			children = (
				A20CEB022B44789800243F3D /* TBSettingsCellViewModel.swift */,
				A20CEB042B4478BB00243F3D /* TBSettingsOption.swift */,
				A20CEB062B4478DE00243F3D /* TBSettingsViewModel.swift */,
			);
			path = Settings;
			sourceTree = "<group>";
		};
		A20CEB082B448CC600243F3D /* Settings */ = {
			isa = PBXGroup;
			children = (
				A20CEAFF2B44783A00243F3D /* TBSettingsView.swift */,
			);
			path = Settings;
			sourceTree = "<group>";
		};
		A20CEB092B448CD000243F3D /* Main */ = {
			isa = PBXGroup;
			children = (
				A25EB4842B3C167400359A91 /* TBLogoView.swift */,
				A25EB4862B3C167F00359A91 /* TBResultView.swift */,
				A25EB4882B3C168E00359A91 /* TBBillInputView.swift */,
				A25EB48A2B3C16A000359A91 /* TBTipInputView.swift */,
				A25EB48C2B3C16AF00359A91 /* TBSplitInputView.swift */,
			);
			path = Main;
			sourceTree = "<group>";
		};
		A20CEB0A2B448CE000243F3D /* Settings */ = {
			isa = PBXGroup;
			children = (
				A2C970D82B442E510027B6AF /* TBSettingsViewController.swift */,
			);
			path = Settings;
			sourceTree = "<group>";
		};
		A20CEB0B2B448CE600243F3D /* Main */ = {
			isa = PBXGroup;
			children = (
				A228196F2B398AE10046CF1C /* TBCalculatorViewController.swift */,
			);
			path = Main;
			sourceTree = "<group>";
		};
		A20CEB0C2B448D5A00243F3D /* Main */ = {
			isa = PBXGroup;
			children = (
				A23A5E742B4023AD0004B5A8 /* TBCalculatorViewModel.swift */,
			);
			path = Main;
			sourceTree = "<group>";
		};
		A22526DD2B3E0B1400B6CAF4 /* ViewControllers */ = {
			isa = PBXGroup;
			children = (
				A20CEB0B2B448CE600243F3D /* Main */,
				A20CEB0A2B448CE000243F3D /* Settings */,
			);
			path = ViewControllers;
			sourceTree = "<group>";
		};
		A228195F2B398AE10046CF1C = {
			isa = PBXGroup;
			children = (
				A228196A2B398AE10046CF1C /* TipBuddy */,
				A22819692B398AE10046CF1C /* Products */,
			);
			sourceTree = "<group>";
		};
		A22819692B398AE10046CF1C /* Products */ = {
			isa = PBXGroup;
			children = (
				A22819682B398AE10046CF1C /* TipBuddy.app */,
			);
			name = Products;
			sourceTree = "<group>";
		};
		A228196A2B398AE10046CF1C /* TipBuddy */ = {
			isa = PBXGroup;
			children = (
				A23A5E732B4023990004B5A8 /* ViewModels */,
				A27542152B3EB98800719E63 /* Models */,
				A22526DD2B3E0B1400B6CAF4 /* ViewControllers */,
				A25EB4962B3C363300359A91 /* ReusableViews */,
				A25EB4912B3C284F00359A91 /* Utilities */,
				A25EB48E2B3C276200359A91 /* Extension */,
				A25EB4832B3C146D00359A91 /* Views */,
				A25EB4822B3C141300359A91 /* Resources */,
				A22819792B398AE20046CF1C /* Info.plist */,
			);
			path = TipBuddy;
			sourceTree = "<group>";
		};
		A23A5E732B4023990004B5A8 /* ViewModels */ = {
			isa = PBXGroup;
			children = (
				A20CEB0C2B448D5A00243F3D /* Main */,
				A20CEB012B44788000243F3D /* Settings */,
			);
			path = ViewModels;
			sourceTree = "<group>";
		};
		A25EB4822B3C141300359A91 /* Resources */ = {
			isa = PBXGroup;
			children = (
				A22819762B398AE20046CF1C /* LaunchScreen.storyboard */,
				A22819742B398AE20046CF1C /* Assets.xcassets */,
				A228196B2B398AE10046CF1C /* AppDelegate.swift */,
				A228196D2B398AE10046CF1C /* SceneDelegate.swift */,
			);
			path = Resources;
			sourceTree = "<group>";
		};
		A25EB4832B3C146D00359A91 /* Views */ = {
			isa = PBXGroup;
			children = (
				A20CEB092B448CD000243F3D /* Main */,
				A20CEB082B448CC600243F3D /* Settings */,
			);
			path = Views;
			sourceTree = "<group>";
		};
		A25EB48E2B3C276200359A91 /* Extension */ = {
			isa = PBXGroup;
			children = (
				A25EB48F2B3C27D100359A91 /* UIColor+Extension.swift */,
				A2DA0EA32B3D7EC700B2861F /* UIView+Extension.swift */,
				A23A5E782B4046590004B5A8 /* String+Extension.swift */,
				A265E6A72B4310DC00D0D49F /* UIResponder+Extension.swift */,
				A2E6E6172B4327B7009F4468 /* Int+Extension.swift */,
				A21E525E2B44073800B52CBA /* Double+Extension.swift */,
			);
			path = Extension;
			sourceTree = "<group>";
		};
		A25EB4912B3C284F00359A91 /* Utilities */ = {
			isa = PBXGroup;
			children = (
				A27542112B3EB0DE00719E63 /* Constants */,
			);
			path = Utilities;
			sourceTree = "<group>";
		};
		A25EB4962B3C363300359A91 /* ReusableViews */ = {
			isa = PBXGroup;
			children = (
				A275420E2B3EAECE00719E63 /* Buttons */,
				A2DA0EA92B3D9E1200B2861F /* TextField */,
				A2DA0EA62B3D8AE300B2861F /* Label */,
				A2DA0EA52B3D8ADC00B2861F /* View */,
			);
			path = ReusableViews;
			sourceTree = "<group>";
		};
		A275420E2B3EAECE00719E63 /* Buttons */ = {
			isa = PBXGroup;
			children = (
				A275420F2B3EAF2B00719E63 /* TBPercentButton.swift */,
				A27542162B3EBB8900719E63 /* TBOperatorButton.swift */,
			);
			path = Buttons;
			sourceTree = "<group>";
		};
		A27542112B3EB0DE00719E63 /* Constants */ = {
			isa = PBXGroup;
			children = (
				A25EB4922B3C286600359A91 /* ThemeColor.swift */,
				A25EB4942B3C28A400359A91 /* ThemeFont.swift */,
			);
			path = Constants;
			sourceTree = "<group>";
		};
		A27542152B3EB98800719E63 /* Models */ = {
			isa = PBXGroup;
			children = (
				A27542132B3EB10100719E63 /* Tip.swift */,
				A23A5E762B4034CF0004B5A8 /* Result.swift */,
			);
			path = Models;
			sourceTree = "<group>";
		};
		A2DA0EA52B3D8ADC00B2861F /* View */ = {
			isa = PBXGroup;
			children = (
				A2DA0EA12B3D7E4900B2861F /* TBAmountView.swift */,
				A2DA0EA72B3D8B1500B2861F /* TBHeaderView.swift */,
				A2DA0EAC2B3DA00600B2861F /* TBTextFieldContainerView.swift */,
			);
			path = View;
			sourceTree = "<group>";
		};
		A2DA0EA62B3D8AE300B2861F /* Label */ = {
			isa = PBXGroup;
			children = (
				A25EB4972B3C365A00359A91 /* TBLabel.swift */,
			);
			path = Label;
			sourceTree = "<group>";
		};
		A2DA0EA92B3D9E1200B2861F /* TextField */ = {
			isa = PBXGroup;
			children = (
				A2DA0EAA2B3D9E2500B2861F /* TBTextField.swift */,
			);
			path = TextField;
			sourceTree = "<group>";
		};
/* End PBXGroup section */

/* Begin PBXNativeTarget section */
		A22819672B398AE10046CF1C /* TipBuddy */ = {
			isa = PBXNativeTarget;
			buildConfigurationList = A228197C2B398AE20046CF1C /* Build configuration list for PBXNativeTarget "TipBuddy" */;
			buildPhases = (
				A22819642B398AE10046CF1C /* Sources */,
				A22819652B398AE10046CF1C /* Frameworks */,
				A22819662B398AE10046CF1C /* Resources */,
			);
			buildRules = (
			);
			dependencies = (
			);
			name = TipBuddy;
			packageProductDependencies = (
				A23C86472B3B38810029C456 /* CombineCocoa */,
				A28694212B3DBDD0006B011B /* SnapKit */,
			);
			productName = TipBuddy;
			productReference = A22819682B398AE10046CF1C /* TipBuddy.app */;
			productType = "com.apple.product-type.application";
		};
/* End PBXNativeTarget section */

/* Begin PBXProject section */
		A22819602B398AE10046CF1C /* Project object */ = {
			isa = PBXProject;
			attributes = {
				BuildIndependentTargetsInParallel = 1;
				LastSwiftUpdateCheck = 1510;
				LastUpgradeCheck = 1510;
				TargetAttributes = {
					A22819672B398AE10046CF1C = {
						CreatedOnToolsVersion = 15.1;
					};
				};
			};
			buildConfigurationList = A22819632B398AE10046CF1C /* Build configuration list for PBXProject "TipBuddy" */;
			compatibilityVersion = "Xcode 14.0";
			developmentRegion = en;
			hasScannedForEncodings = 0;
			knownRegions = (
				en,
				Base,
			);
			mainGroup = A228195F2B398AE10046CF1C;
			packageReferences = (
				A23C86462B3B38810029C456 /* XCRemoteSwiftPackageReference "CombineCocoa" */,
				A28694202B3DBDD0006B011B /* XCRemoteSwiftPackageReference "SnapKit" */,
			);
			productRefGroup = A22819692B398AE10046CF1C /* Products */;
			projectDirPath = "";
			projectRoot = "";
			targets = (
				A22819672B398AE10046CF1C /* TipBuddy */,
			);
		};
/* End PBXProject section */

/* Begin PBXResourcesBuildPhase section */
		A22819662B398AE10046CF1C /* Resources */ = {
			isa = PBXResourcesBuildPhase;
			buildActionMask = 2147483647;
			files = (
				A22819782B398AE20046CF1C /* LaunchScreen.storyboard in Resources */,
				A22819752B398AE20046CF1C /* Assets.xcassets in Resources */,
			);
			runOnlyForDeploymentPostprocessing = 0;
		};
/* End PBXResourcesBuildPhase section */

/* Begin PBXSourcesBuildPhase section */
		A22819642B398AE10046CF1C /* Sources */ = {
			isa = PBXSourcesBuildPhase;
			buildActionMask = 2147483647;
			files = (
				A25EB4952B3C28A400359A91 /* ThemeFont.swift in Sources */,
				A22819702B398AE10046CF1C /* TBCalculatorViewController.swift in Sources */,
				A2DA0EAD2B3DA00600B2861F /* TBTextFieldContainerView.swift in Sources */,
				A25EB4982B3C365A00359A91 /* TBLabel.swift in Sources */,
				A21E525F2B44073800B52CBA /* Double+Extension.swift in Sources */,
				A265E6A82B4310DC00D0D49F /* UIResponder+Extension.swift in Sources */,
				A2DA0EA42B3D7EC700B2861F /* UIView+Extension.swift in Sources */,
				A20CEB052B4478BB00243F3D /* TBSettingsOption.swift in Sources */,
				A25EB48B2B3C16A000359A91 /* TBTipInputView.swift in Sources */,
				A25EB4852B3C167400359A91 /* TBLogoView.swift in Sources */,
				A20CEB002B44783A00243F3D /* TBSettingsView.swift in Sources */,
				A27542172B3EBB8900719E63 /* TBOperatorButton.swift in Sources */,
				A25EB4902B3C27D100359A91 /* UIColor+Extension.swift in Sources */,
				A2DA0EA82B3D8B1500B2861F /* TBHeaderView.swift in Sources */,
				A23A5E772B4034CF0004B5A8 /* Result.swift in Sources */,
				A25EB4892B3C168E00359A91 /* TBBillInputView.swift in Sources */,
				A23A5E792B4046590004B5A8 /* String+Extension.swift in Sources */,
				A228196C2B398AE10046CF1C /* AppDelegate.swift in Sources */,
				A25EB4872B3C167F00359A91 /* TBResultView.swift in Sources */,
				A23A5E752B4023AD0004B5A8 /* TBCalculatorViewModel.swift in Sources */,
				A27542142B3EB10100719E63 /* Tip.swift in Sources */,
				A2DA0EAB2B3D9E2500B2861F /* TBTextField.swift in Sources */,
				A27542102B3EAF2B00719E63 /* TBPercentButton.swift in Sources */,
				A2DA0EA22B3D7E4A00B2861F /* TBAmountView.swift in Sources */,
				A25EB48D2B3C16AF00359A91 /* TBSplitInputView.swift in Sources */,
				A228196E2B398AE10046CF1C /* SceneDelegate.swift in Sources */,
				A25EB4932B3C286600359A91 /* ThemeColor.swift in Sources */,
				A20CEB032B44789800243F3D /* TBSettingsCellViewModel.swift in Sources */,
				A2C970D92B442E510027B6AF /* TBSettingsViewController.swift in Sources */,
				A2E6E6182B4327B7009F4468 /* Int+Extension.swift in Sources */,
				A20CEB072B4478DE00243F3D /* TBSettingsViewModel.swift in Sources */,
			);
			runOnlyForDeploymentPostprocessing = 0;
		};
/* End PBXSourcesBuildPhase section */

/* Begin PBXVariantGroup section */
		A22819762B398AE20046CF1C /* LaunchScreen.storyboard */ = {
			isa = PBXVariantGroup;
			children = (
				A22819772B398AE20046CF1C /* Base */,
			);
			name = LaunchScreen.storyboard;
			sourceTree = "<group>";
		};
/* End PBXVariantGroup section */

/* Begin XCBuildConfiguration section */
		A228197A2B398AE20046CF1C /* Debug */ = {
			isa = XCBuildConfiguration;
			buildSettings = {
				ALWAYS_SEARCH_USER_PATHS = NO;
				ASSETCATALOG_COMPILER_GENERATE_SWIFT_ASSET_SYMBOL_EXTENSIONS = YES;
				CLANG_ANALYZER_NONNULL = YES;
				CLANG_ANALYZER_NUMBER_OBJECT_CONVERSION = YES_AGGRESSIVE;
				CLANG_CXX_LANGUAGE_STANDARD = "gnu++20";
				CLANG_ENABLE_MODULES = YES;
				CLANG_ENABLE_OBJC_ARC = YES;
				CLANG_ENABLE_OBJC_WEAK = YES;
				CLANG_WARN_BLOCK_CAPTURE_AUTORELEASING = YES;
				CLANG_WARN_BOOL_CONVERSION = YES;
				CLANG_WARN_COMMA = YES;
				CLANG_WARN_CONSTANT_CONVERSION = YES;
				CLANG_WARN_DEPRECATED_OBJC_IMPLEMENTATIONS = YES;
				CLANG_WARN_DIRECT_OBJC_ISA_USAGE = YES_ERROR;
				CLANG_WARN_DOCUMENTATION_COMMENTS = YES;
				CLANG_WARN_EMPTY_BODY = YES;
				CLANG_WARN_ENUM_CONVERSION = YES;
				CLANG_WARN_INFINITE_RECURSION = YES;
				CLANG_WARN_INT_CONVERSION = YES;
				CLANG_WARN_NON_LITERAL_NULL_CONVERSION = YES;
				CLANG_WARN_OBJC_IMPLICIT_RETAIN_SELF = YES;
				CLANG_WARN_OBJC_LITERAL_CONVERSION = YES;
				CLANG_WARN_OBJC_ROOT_CLASS = YES_ERROR;
				CLANG_WARN_QUOTED_INCLUDE_IN_FRAMEWORK_HEADER = YES;
				CLANG_WARN_RANGE_LOOP_ANALYSIS = YES;
				CLANG_WARN_STRICT_PROTOTYPES = YES;
				CLANG_WARN_SUSPICIOUS_MOVE = YES;
				CLANG_WARN_UNGUARDED_AVAILABILITY = YES_AGGRESSIVE;
				CLANG_WARN_UNREACHABLE_CODE = YES;
				CLANG_WARN__DUPLICATE_METHOD_MATCH = YES;
				COPY_PHASE_STRIP = NO;
				DEBUG_INFORMATION_FORMAT = dwarf;
				ENABLE_STRICT_OBJC_MSGSEND = YES;
				ENABLE_TESTABILITY = YES;
				ENABLE_USER_SCRIPT_SANDBOXING = YES;
				GCC_C_LANGUAGE_STANDARD = gnu17;
				GCC_DYNAMIC_NO_PIC = NO;
				GCC_NO_COMMON_BLOCKS = YES;
				GCC_OPTIMIZATION_LEVEL = 0;
				GCC_PREPROCESSOR_DEFINITIONS = (
					"DEBUG=1",
					"$(inherited)",
				);
				GCC_WARN_64_TO_32_BIT_CONVERSION = YES;
				GCC_WARN_ABOUT_RETURN_TYPE = YES_ERROR;
				GCC_WARN_UNDECLARED_SELECTOR = YES;
				GCC_WARN_UNINITIALIZED_AUTOS = YES_AGGRESSIVE;
				GCC_WARN_UNUSED_FUNCTION = YES;
				GCC_WARN_UNUSED_VARIABLE = YES;
				IPHONEOS_DEPLOYMENT_TARGET = 17.2;
				LOCALIZATION_PREFERS_STRING_CATALOGS = YES;
				MTL_ENABLE_DEBUG_INFO = INCLUDE_SOURCE;
				MTL_FAST_MATH = YES;
				ONLY_ACTIVE_ARCH = YES;
				SDKROOT = iphoneos;
				SWIFT_ACTIVE_COMPILATION_CONDITIONS = "DEBUG $(inherited)";
				SWIFT_OPTIMIZATION_LEVEL = "-Onone";
			};
			name = Debug;
		};
		A228197B2B398AE20046CF1C /* Release */ = {
			isa = XCBuildConfiguration;
			buildSettings = {
				ALWAYS_SEARCH_USER_PATHS = NO;
				ASSETCATALOG_COMPILER_GENERATE_SWIFT_ASSET_SYMBOL_EXTENSIONS = YES;
				CLANG_ANALYZER_NONNULL = YES;
				CLANG_ANALYZER_NUMBER_OBJECT_CONVERSION = YES_AGGRESSIVE;
				CLANG_CXX_LANGUAGE_STANDARD = "gnu++20";
				CLANG_ENABLE_MODULES = YES;
				CLANG_ENABLE_OBJC_ARC = YES;
				CLANG_ENABLE_OBJC_WEAK = YES;
				CLANG_WARN_BLOCK_CAPTURE_AUTORELEASING = YES;
				CLANG_WARN_BOOL_CONVERSION = YES;
				CLANG_WARN_COMMA = YES;
				CLANG_WARN_CONSTANT_CONVERSION = YES;
				CLANG_WARN_DEPRECATED_OBJC_IMPLEMENTATIONS = YES;
				CLANG_WARN_DIRECT_OBJC_ISA_USAGE = YES_ERROR;
				CLANG_WARN_DOCUMENTATION_COMMENTS = YES;
				CLANG_WARN_EMPTY_BODY = YES;
				CLANG_WARN_ENUM_CONVERSION = YES;
				CLANG_WARN_INFINITE_RECURSION = YES;
				CLANG_WARN_INT_CONVERSION = YES;
				CLANG_WARN_NON_LITERAL_NULL_CONVERSION = YES;
				CLANG_WARN_OBJC_IMPLICIT_RETAIN_SELF = YES;
				CLANG_WARN_OBJC_LITERAL_CONVERSION = YES;
				CLANG_WARN_OBJC_ROOT_CLASS = YES_ERROR;
				CLANG_WARN_QUOTED_INCLUDE_IN_FRAMEWORK_HEADER = YES;
				CLANG_WARN_RANGE_LOOP_ANALYSIS = YES;
				CLANG_WARN_STRICT_PROTOTYPES = YES;
				CLANG_WARN_SUSPICIOUS_MOVE = YES;
				CLANG_WARN_UNGUARDED_AVAILABILITY = YES_AGGRESSIVE;
				CLANG_WARN_UNREACHABLE_CODE = YES;
				CLANG_WARN__DUPLICATE_METHOD_MATCH = YES;
				COPY_PHASE_STRIP = NO;
				DEBUG_INFORMATION_FORMAT = "dwarf-with-dsym";
				ENABLE_NS_ASSERTIONS = NO;
				ENABLE_STRICT_OBJC_MSGSEND = YES;
				ENABLE_USER_SCRIPT_SANDBOXING = YES;
				GCC_C_LANGUAGE_STANDARD = gnu17;
				GCC_NO_COMMON_BLOCKS = YES;
				GCC_WARN_64_TO_32_BIT_CONVERSION = YES;
				GCC_WARN_ABOUT_RETURN_TYPE = YES_ERROR;
				GCC_WARN_UNDECLARED_SELECTOR = YES;
				GCC_WARN_UNINITIALIZED_AUTOS = YES_AGGRESSIVE;
				GCC_WARN_UNUSED_FUNCTION = YES;
				GCC_WARN_UNUSED_VARIABLE = YES;
				IPHONEOS_DEPLOYMENT_TARGET = 17.2;
				LOCALIZATION_PREFERS_STRING_CATALOGS = YES;
				MTL_ENABLE_DEBUG_INFO = NO;
				MTL_FAST_MATH = YES;
				SDKROOT = iphoneos;
				SWIFT_COMPILATION_MODE = wholemodule;
				VALIDATE_PRODUCT = YES;
			};
			name = Release;
		};
		A228197D2B398AE20046CF1C /* Debug */ = {
			isa = XCBuildConfiguration;
			buildSettings = {
				ASSETCATALOG_COMPILER_APPICON_NAME = AppIcon;
				ASSETCATALOG_COMPILER_GLOBAL_ACCENT_COLOR_NAME = AccentColor;
				CODE_SIGN_STYLE = Automatic;
				CURRENT_PROJECT_VERSION = 1;
				DEVELOPMENT_TEAM = 79CS75S5DL;
				GENERATE_INFOPLIST_FILE = YES;
				INFOPLIST_FILE = TipBuddy/Info.plist;
				INFOPLIST_KEY_UIApplicationSupportsIndirectInputEvents = YES;
				INFOPLIST_KEY_UILaunchStoryboardName = LaunchScreen;
				INFOPLIST_KEY_UISupportedInterfaceOrientations = UIInterfaceOrientationPortrait;
				IPHONEOS_DEPLOYMENT_TARGET = 16.0;
				LD_RUNPATH_SEARCH_PATHS = (
					"$(inherited)",
					"@executable_path/Frameworks",
				);
				MARKETING_VERSION = 1.0;
				PRODUCT_BUNDLE_IDENTIFIER = com.celilcagataygedik.TipBuddy;
				PRODUCT_NAME = "$(TARGET_NAME)";
				SUPPORTED_PLATFORMS = "iphoneos iphonesimulator";
				SUPPORTS_MACCATALYST = NO;
				SUPPORTS_MAC_DESIGNED_FOR_IPHONE_IPAD = NO;
				SWIFT_EMIT_LOC_STRINGS = YES;
				SWIFT_VERSION = 5.0;
				TARGETED_DEVICE_FAMILY = 1;
			};
			name = Debug;
		};
		A228197E2B398AE20046CF1C /* Release */ = {
			isa = XCBuildConfiguration;
			buildSettings = {
				ASSETCATALOG_COMPILER_APPICON_NAME = AppIcon;
				ASSETCATALOG_COMPILER_GLOBAL_ACCENT_COLOR_NAME = AccentColor;
				CODE_SIGN_STYLE = Automatic;
				CURRENT_PROJECT_VERSION = 1;
				DEVELOPMENT_TEAM = 79CS75S5DL;
				GENERATE_INFOPLIST_FILE = YES;
				INFOPLIST_FILE = TipBuddy/Info.plist;
				INFOPLIST_KEY_UIApplicationSupportsIndirectInputEvents = YES;
				INFOPLIST_KEY_UILaunchStoryboardName = LaunchScreen;
				INFOPLIST_KEY_UISupportedInterfaceOrientations = UIInterfaceOrientationPortrait;
				IPHONEOS_DEPLOYMENT_TARGET = 16.0;
				LD_RUNPATH_SEARCH_PATHS = (
					"$(inherited)",
					"@executable_path/Frameworks",
				);
				MARKETING_VERSION = 1.0;
				PRODUCT_BUNDLE_IDENTIFIER = com.celilcagataygedik.TipBuddy;
				PRODUCT_NAME = "$(TARGET_NAME)";
				SUPPORTED_PLATFORMS = "iphoneos iphonesimulator";
				SUPPORTS_MACCATALYST = NO;
				SUPPORTS_MAC_DESIGNED_FOR_IPHONE_IPAD = NO;
				SWIFT_EMIT_LOC_STRINGS = YES;
				SWIFT_VERSION = 5.0;
				TARGETED_DEVICE_FAMILY = 1;
			};
			name = Release;
		};
/* End XCBuildConfiguration section */

/* Begin XCConfigurationList section */
		A22819632B398AE10046CF1C /* Build configuration list for PBXProject "TipBuddy" */ = {
			isa = XCConfigurationList;
			buildConfigurations = (
				A228197A2B398AE20046CF1C /* Debug */,
				A228197B2B398AE20046CF1C /* Release */,
			);
			defaultConfigurationIsVisible = 0;
			defaultConfigurationName = Release;
		};
		A228197C2B398AE20046CF1C /* Build configuration list for PBXNativeTarget "TipBuddy" */ = {
			isa = XCConfigurationList;
			buildConfigurations = (
				A228197D2B398AE20046CF1C /* Debug */,
				A228197E2B398AE20046CF1C /* Release */,
			);
			defaultConfigurationIsVisible = 0;
			defaultConfigurationName = Release;
		};
/* End XCConfigurationList section */

/* Begin XCRemoteSwiftPackageReference section */
		A23C86462B3B38810029C456 /* XCRemoteSwiftPackageReference "CombineCocoa" */ = {
			isa = XCRemoteSwiftPackageReference;
			repositoryURL = "https://github.com/CombineCommunity/CombineCocoa";
			requirement = {
				kind = upToNextMinorVersion;
				minimumVersion = 0.4.1;
			};
		};
		A28694202B3DBDD0006B011B /* XCRemoteSwiftPackageReference "SnapKit" */ = {
			isa = XCRemoteSwiftPackageReference;
			repositoryURL = "https://github.com/SnapKit/SnapKit";
			requirement = {
				kind = upToNextMajorVersion;
				minimumVersion = 5.6.0;
			};
		};
/* End XCRemoteSwiftPackageReference section */

/* Begin XCSwiftPackageProductDependency section */
		A23C86472B3B38810029C456 /* CombineCocoa */ = {
			isa = XCSwiftPackageProductDependency;
			package = A23C86462B3B38810029C456 /* XCRemoteSwiftPackageReference "CombineCocoa" */;
			productName = CombineCocoa;
		};
		A28694212B3DBDD0006B011B /* SnapKit */ = {
			isa = XCSwiftPackageProductDependency;
			package = A28694202B3DBDD0006B011B /* XCRemoteSwiftPackageReference "SnapKit" */;
			productName = SnapKit;
		};
/* End XCSwiftPackageProductDependency section */
	};
	rootObject = A22819602B398AE10046CF1C /* Project object */;
}
